version: 2
sources:
- url: github.com/pedromvgomes/agentic-toolkit.git
  ref: main
  sha: 66a2f55eed4d75b783c5c54d12e967b8e28867b7
- url: github.com/anthropics/skills.git
  ref: main
  sha: 34040c9c568585f6929bedeaad110ad08f079624
config_digest: sha256:cdf80c0eadccec238a389c62e85f0831c2d9410b3573b6aa71c5b1d8134d22f9
